// !$*UTF8*$!
{
	archiveVersion = 1;
	classes = {
	};
	objectVersion = 46;
	objects = {

/* Begin PBXBuildFile section */
		26F8DFBE1E3E8D8B00777B89 /* AppDelegate.swift in Sources */ = {isa = PBXBuildFile; fileRef = 26F8DFBD1E3E8D8B00777B89 /* AppDelegate.swift */; };
		26F8DFC01E3E8D8B00777B89 /* ViewController.swift in Sources */ = {isa = PBXBuildFile; fileRef = 26F8DFBF1E3E8D8B00777B89 /* ViewController.swift */; };
		26F8DFC31E3E8D8B00777B89 /* Main.storyboard in Resources */ = {isa = PBXBuildFile; fileRef = 26F8DFC11E3E8D8B00777B89 /* Main.storyboard */; };
		26F8DFC51E3E8D8B00777B89 /* Assets.xcassets in Resources */ = {isa = PBXBuildFile; fileRef = 26F8DFC41E3E8D8B00777B89 /* Assets.xcassets */; };
		26F8DFC81E3E8D8B00777B89 /* LaunchScreen.storyboard in Resources */ = {isa = PBXBuildFile; fileRef = 26F8DFC61E3E8D8B00777B89 /* LaunchScreen.storyboard */; };
		26F8DFD01E3E929200777B89 /* pokemon.csv in Resources */ = {isa = PBXBuildFile; fileRef = 26F8DFCF1E3E929200777B89 /* pokemon.csv */; };
/* End PBXBuildFile section */

/* Begin PBXFileReference section */
		26F8DFBA1E3E8D8B00777B89 /* pokedex.app */ = {isa = PBXFileReference; explicitFileType = wrapper.application; includeInIndex = 0; path = pokedex.app; sourceTree = BUILT_PRODUCTS_DIR; };
		26F8DFBD1E3E8D8B00777B89 /* AppDelegate.swift */ = {isa = PBXFileReference; lastKnownFileType = sourcecode.swift; path = AppDelegate.swift; sourceTree = "<group>"; };
		26F8DFBF1E3E8D8B00777B89 /* ViewController.swift */ = {isa = PBXFileReference; lastKnownFileType = sourcecode.swift; path = ViewController.swift; sourceTree = "<group>"; };
		26F8DFC21E3E8D8B00777B89 /* Base */ = {isa = PBXFileReference; lastKnownFileType = file.storyboard; name = Base; path = Base.lproj/Main.storyboard; sourceTree = "<group>"; };
		26F8DFC41E3E8D8B00777B89 /* Assets.xcassets */ = {isa = PBXFileReference; lastKnownFileType = folder.assetcatalog; path = Assets.xcassets; sourceTree = "<group>"; };
		26F8DFC71E3E8D8B00777B89 /* Base */ = {isa = PBXFileReference; lastKnownFileType = file.storyboard; name = Base; path = Base.lproj/LaunchScreen.storyboard; sourceTree = "<group>"; };
		26F8DFC91E3E8D8B00777B89 /* Info.plist */ = {isa = PBXFileReference; lastKnownFileType = text.plist.xml; path = Info.plist; sourceTree = "<group>"; };
		26F8DFCF1E3E929200777B89 /* pokemon.csv */ = {isa = PBXFileReference; fileEncoding = 4; lastKnownFileType = text; path = pokemon.csv; sourceTree = "<group>"; };
/* End PBXFileReference section */

/* Begin PBXFrameworksBuildPhase section */
		26F8DFB71E3E8D8B00777B89 /* Frameworks */ = {
			isa = PBXFrameworksBuildPhase;
			buildActionMask = 2147483647;
			files = (
			);
			runOnlyForDeploymentPostprocessing = 0;
		};
/* End PBXFrameworksBuildPhase section */

/* Begin PBXGroup section */
		26F8DFB11E3E8D8B00777B89 = {
			isa = PBXGroup;
			children = (
				26F8DFBC1E3E8D8B00777B89 /* pokedex */,
				26F8DFBB1E3E8D8B00777B89 /* Products */,
			);
			sourceTree = "<group>";
		};
		26F8DFBB1E3E8D8B00777B89 /* Products */ = {
			isa = PBXGroup;
			children = (
				26F8DFBA1E3E8D8B00777B89 /* pokedex.app */,
			);
			name = Products;
			sourceTree = "<group>";
		};
		26F8DFBC1E3E8D8B00777B89 /* pokedex */ = {
			isa = PBXGroup;
			children = (
				26F8DFBD1E3E8D8B00777B89 /* AppDelegate.swift */,
				26F8DFBF1E3E8D8B00777B89 /* ViewController.swift */,
				26F8DFC11E3E8D8B00777B89 /* Main.storyboard */,
				26F8DFC41E3E8D8B00777B89 /* Assets.xcassets */,
				26F8DFCF1E3E929200777B89 /* pokemon.csv */,
				26F8DFC61E3E8D8B00777B89 /* LaunchScreen.storyboard */,
				26F8DFC91E3E8D8B00777B89 /* Info.plist */,
			);
			path = pokedex;
			sourceTree = "<group>";
		};
/* End PBXGroup section */

/* Begin PBXNativeTarget section */
		26F8DFB91E3E8D8B00777B89 /* pokedex */ = {
			isa = PBXNativeTarget;
			buildConfigurationList = 26F8DFCC1E3E8D8B00777B89 /* Build configuration list for PBXNativeTarget "pokedex" */;
			buildPhases = (
				26F8DFB61E3E8D8B00777B89 /* Sources */,
				26F8DFB71E3E8D8B00777B89 /* Frameworks */,
				26F8DFB81E3E8D8B00777B89 /* Resources */,
			);
			buildRules = (
			);
			dependencies = (
			);
			name = pokedex;
			productName = pokedex;
			productReference = 26F8DFBA1E3E8D8B00777B89 /* pokedex.app */;
			productType = "com.apple.product-type.application";
		};
/* End PBXNativeTarget section */

/* Begin PBXProject section */
		26F8DFB21E3E8D8B00777B89 /* Project object */ = {
			isa = PBXProject;
			attributes = {
				LastSwiftUpdateCheck = 0810;
				LastUpgradeCheck = 0810;
				ORGANIZATIONNAME = VavkenApps;
				TargetAttributes = {
					26F8DFB91E3E8D8B00777B89 = {
						CreatedOnToolsVersion = 8.1;
						DevelopmentTeam = 6KV3SC8LP9;
						ProvisioningStyle = Automatic;
					};
				};
			};
			buildConfigurationList = 26F8DFB51E3E8D8B00777B89 /* Build configuration list for PBXProject "pokedex" */;
			compatibilityVersion = "Xcode 3.2";
			developmentRegion = English;
			hasScannedForEncodings = 0;
			knownRegions = (
				en,
				Base,
			);
			mainGroup = 26F8DFB11E3E8D8B00777B89;
			productRefGroup = 26F8DFBB1E3E8D8B00777B89 /* Products */;
			projectDirPath = "";
			projectRoot = "";
			targets = (
				26F8DFB91E3E8D8B00777B89 /* pokedex */,
			);
		};
/* End PBXProject section */

/* Begin PBXResourcesBuildPhase section */
		26F8DFB81E3E8D8B00777B89 /* Resources */ = {
			isa = PBXResourcesBuildPhase;
			buildActionMask = 2147483647;
			files = (
				26F8DFC81E3E8D8B00777B89 /* LaunchScreen.storyboard in Resources */,
				26F8DFC51E3E8D8B00777B89 /* Assets.xcassets in Resources */,
				26F8DFD01E3E929200777B89 /* pokemon.csv in Resources */,
				26F8DFC31E3E8D8B00777B89 /* Main.storyboard in Resources */,
			);
			runOnlyForDeploymentPostprocessing = 0;
		};
/* End PBXResourcesBuildPhase section */

/* Begin PBXSourcesBuildPhase section */
		26F8DFB61E3E8D8B00777B89 /* Sources */ = {
			isa = PBXSourcesBuildPhase;
			buildActionMask = 2147483647;
			files = (
				26F8DFC01E3E8D8B00777B89 /* ViewController.swift in Sources */,
				26F8DFBE1E3E8D8B00777B89 /* AppDelegate.swift in Sources */,
			);
			runOnlyForDeploymentPostprocessing = 0;
		};
/* End PBXSourcesBuildPhase section */

/* Begin PBXVariantGroup section */
		26F8DFC11E3E8D8B00777B89 /* Main.storyboard */ = {
			isa = PBXVariantGroup;
			children = (
				26F8DFC21E3E8D8B00777B89 /* Base */,
			);
			name = Main.storyboard;
			sourceTree = "<group>";
		};
		26F8DFC61E3E8D8B00777B89 /* LaunchScreen.storyboard */ = {
			isa = PBXVariantGroup;
			children = (
				26F8DFC71E3E8D8B00777B89 /* Base */,
			);
			name = LaunchScreen.storyboard;
			sourceTree = "<group>";
		};
/* End PBXVariantGroup section */

/* Begin XCBuildConfiguration section */
		26F8DFCA1E3E8D8B00777B89 /* Debug */ = {
			isa = XCBuildConfiguration;
			buildSettings = {
				ALWAYS_SEARCH_USER_PATHS = NO;
				CLANG_ANALYZER_NONNULL = YES;
				CLANG_CXX_LANGUAGE_STANDARD = "gnu++0x";
				CLANG_CXX_LIBRARY = "libc++";
				CLANG_ENABLE_MODULES = YES;
				CLANG_ENABLE_OBJC_ARC = YES;
				CLANG_WARN_BOOL_CONVERSION = YES;
				CLANG_WARN_CONSTANT_CONVERSION = YES;
				CLANG_WARN_DIRECT_OBJC_ISA_USAGE = YES_ERROR;
				CLANG_WARN_DOCUMENTATION_COMMENTS = YES;
				CLANG_WARN_EMPTY_BODY = YES;
				CLANG_WARN_ENUM_CONVERSION = YES;
				CLANG_WARN_INFINITE_RECURSION = YES;
				CLANG_WARN_INT_CONVERSION = YES;
				CLANG_WARN_OBJC_ROOT_CLASS = YES_ERROR;
				CLANG_WARN_SUSPICIOUS_MOVES = YES;
				CLANG_WARN_UNREACHABLE_CODE = YES;
				CLANG_WARN__DUPLICATE_METHOD_MATCH = YES;
				"CODE_SIGN_IDENTITY[sdk=iphoneos*]" = "iPhone Developer";
				COPY_PHASE_STRIP = NO;
				DEBUG_INFORMATION_FORMAT = dwarf;
				ENABLE_STRICT_OBJC_MSGSEND = YES;
				ENABLE_TESTABILITY = YES;
				GCC_C_LANGUAGE_STANDARD = gnu99;
				GCC_DYNAMIC_NO_PIC = NO;
				GCC_NO_COMMON_BLOCKS = YES;
				GCC_OPTIMIZATION_LEVEL = 0;
				GCC_PREPROCESSOR_DEFINITIONS = (
					"DEBUG=1",
					"$(inherited)",
				);
				GCC_WARN_64_TO_32_BIT_CONVERSION = YES;
				GCC_WARN_ABOUT_RETURN_TYPE = YES_ERROR;
				GCC_WARN_UNDECLARED_SELECTOR = YES;
				GCC_WARN_UNINITIALIZED_AUTOS = YES_AGGRESSIVE;
				GCC_WARN_UNUSED_FUNCTION = YES;
				GCC_WARN_UNUSED_VARIABLE = YES;
				IPHONEOS_DEPLOYMENT_TARGET = 10.1;
				MTL_ENABLE_DEBUG_INFO = YES;
				ONLY_ACTIVE_ARCH = YES;
				SDKROOT = iphoneos;
				SWIFT_ACTIVE_COMPILATION_CONDITIONS = DEBUG;
				SWIFT_OPTIMIZATION_LEVEL = "-Onone";
				TARGETED_DEVICE_FAMILY = "1,2";
			};
			name = Debug;
		};
		26F8DFCB1E3E8D8B00777B89 /* Release */ = {
			isa = XCBuildConfiguration;
			buildSettings = {
				ALWAYS_SEARCH_USER_PATHS = NO;
				CLANG_ANALYZER_NONNULL = YES;
				CLANG_CXX_LANGUAGE_STANDARD = "gnu++0x";
				CLANG_CXX_LIBRARY = "libc++";
				CLANG_ENABLE_MODULES = YES;
				CLANG_ENABLE_OBJC_ARC = YES;
				CLANG_WARN_BOOL_CONVERSION = YES;
				CLANG_WARN_CONSTANT_CONVERSION = YES;
				CLANG_WARN_DIRECT_OBJC_ISA_USAGE = YES_ERROR;
				CLANG_WARN_DOCUMENTATION_COMMENTS = YES;
				CLANG_WARN_EMPTY_BODY = YES;
				CLANG_WARN_ENUM_CONVERSION = YES;
				CLANG_WARN_INFINITE_RECURSION = YES;
				CLANG_WARN_INT_CONVERSION = YES;
				CLANG_WARN_OBJC_ROOT_CLASS = YES_ERROR;
				CLANG_WARN_SUSPICIOUS_MOVES = YES;
				CLANG_WARN_UNREACHABLE_CODE = YES;
				CLANG_WARN__DUPLICATE_METHOD_MATCH = YES;
				"CODE_SIGN_IDENTITY[sdk=iphoneos*]" = "iPhone Developer";
				COPY_PHASE_STRIP = NO;
				DEBUG_INFORMATION_FORMAT = "dwarf-with-dsym";
				ENABLE_NS_ASSERTIONS = NO;
				ENABLE_STRICT_OBJC_MSGSEND = YES;
				GCC_C_LANGUAGE_STANDARD = gnu99;
				GCC_NO_COMMON_BLOCKS = YES;
				GCC_WARN_64_TO_32_BIT_CONVERSION = YES;
				GCC_WARN_ABOUT_RETURN_TYPE = YES_ERROR;
				GCC_WARN_UNDECLARED_SELECTOR = YES;
				GCC_WARN_UNINITIALIZED_AUTOS = YES_AGGRESSIVE;
				GCC_WARN_UNUSED_FUNCTION = YES;
				GCC_WARN_UNUSED_VARIABLE = YES;
				IPHONEOS_DEPLOYMENT_TARGET = 10.1;
				MTL_ENABLE_DEBUG_INFO = NO;
				SDKROOT = iphoneos;
				SWIFT_OPTIMIZATION_LEVEL = "-Owholemodule";
				TARGETED_DEVICE_FAMILY = "1,2";
				VALIDATE_PRODUCT = YES;
			};
			name = Release;
		};
		26F8DFCD1E3E8D8B00777B89 /* Debug */ = {
			isa = XCBuildConfiguration;
			buildSettings = {
				ASSETCATALOG_COMPILER_APPICON_NAME = AppIcon;
				DEVELOPMENT_TEAM = 6KV3SC8LP9;
				INFOPLIST_FILE = pokedex/Info.plist;
				LD_RUNPATH_SEARCH_PATHS = "$(inherited) @executable_path/Frameworks";
				PRODUCT_BUNDLE_IDENTIFIER = AnzeVavken.pokedex;
				PRODUCT_NAME = "$(TARGET_NAME)";
				SWIFT_VERSION = 3.0;
			};
			name = Debug;
		};
		26F8DFCE1E3E8D8B00777B89 /* Release */ = {
			isa = XCBuildConfiguration;
			buildSettings = {
				ASSETCATALOG_COMPILER_APPICON_NAME = AppIcon;
				DEVELOPMENT_TEAM = 6KV3SC8LP9;
				INFOPLIST_FILE = pokedex/Info.plist;
				LD_RUNPATH_SEARCH_PATHS = "$(inherited) @executable_path/Frameworks";
				PRODUCT_BUNDLE_IDENTIFIER = AnzeVavken.pokedex;
				PRODUCT_NAME = "$(TARGET_NAME)";
				SWIFT_VERSION = 3.0;
			};
			name = Release;
		};
/* End XCBuildConfiguration section */

/* Begin XCConfigurationList section */
		26F8DFB51E3E8D8B00777B89 /* Build configuration list for PBXProject "pokedex" */ = {
			isa = XCConfigurationList;
			buildConfigurations = (
				26F8DFCA1E3E8D8B00777B89 /* Debug */,
				26F8DFCB1E3E8D8B00777B89 /* Release */,
			);
			defaultConfigurationIsVisible = 0;
			defaultConfigurationName = Release;
		};
		26F8DFCC1E3E8D8B00777B89 /* Build configuration list for PBXNativeTarget "pokedex" */ = {
			isa = XCConfigurationList;
			buildConfigurations = (
				26F8DFCD1E3E8D8B00777B89 /* Debug */,
				26F8DFCE1E3E8D8B00777B89 /* Release */,
			);
			defaultConfigurationIsVisible = 0;
		};
/* End XCConfigurationList section */
	};
	rootObject = 26F8DFB21E3E8D8B00777B89 /* Project object */;
}
